
Microsoft Visual Studio Solution File, Format Version 12.00
# Visual Studio Version 17
VisualStudioVersion = 17.4.33403.182
MinimumVisualStudioVersion = 10.0.40219.1
Project("{FAE04EC0-301F-11D3-BF4B-00C04F79EFBC}") = "MultiLib", "MultiLib\MultiLib.csproj", "{CE42AA1C-6BFF-45BC-979E-59F5F14EF8EF}"
EndProject
Project("{FAE04EC0-301F-11D3-BF4B-00C04F79EFBC}") = "TestProject", "TestProject\TestProject.csproj", "{CA5C7660-B19A-4FC0-A5CB-D496F55D9B9B}"
EndProject
Global
	GlobalSection(SolutionConfigurationPlatforms) = preSolution
		Debug|Any CPU = Debug|Any CPU
		Release|Any CPU = Release|Any CPU
	EndGlobalSection
	GlobalSection(ProjectConfigurationPlatforms) = postSolution
		{CE42AA1C-6BFF-45BC-979E-59F5F14EF8EF}.Debug|Any CPU.ActiveCfg = Debug|Any CPU
		{CE42AA1C-6BFF-45BC-979E-59F5F14EF8EF}.Debug|Any CPU.Build.0 = Debug|Any CPU
		{CE42AA1C-6BFF-45BC-979E-59F5F14EF8EF}.Release|Any CPU.ActiveCfg = Release|Any CPU
		{CE42AA1C-6BFF-45BC-979E-59F5F14EF8EF}.Release|Any CPU.Build.0 = Release|Any CPU
		{CA5C7660-B19A-4FC0-A5CB-D496F55D9B9B}.Debug|Any CPU.ActiveCfg = Debug|Any CPU
		{CA5C7660-B19A-4FC0-A5CB-D496F55D9B9B}.Debug|Any CPU.Build.0 = Debug|Any CPU
		{CA5C7660-B19A-4FC0-A5CB-D496F55D9B9B}.Release|Any CPU.ActiveCfg = Release|Any CPU
		{CA5C7660-B19A-4FC0-A5CB-D496F55D9B9B}.Release|Any CPU.Build.0 = Release|Any CPU
	EndGlobalSection
	GlobalSection(SolutionProperties) = preSolution
		HideSolutionNode = FALSE
	EndGlobalSection
	GlobalSection(ExtensibilityGlobals) = postSolution
		SolutionGuid = {11BC5040-8BF7-47BD-B6FC-83C201043EC3}
	EndGlobalSection
EndGlobal
